// !$*UTF8*$!
{
	archiveVersion = 1;
	classes = {
	};
	objectVersion = 56;
	objects = {

/* Begin PBXBuildFile section */
		C09A123D2BBD236800C95571 /* ComposableArchitectureSampleApp.swift in Sources */ = {isa = PBXBuildFile; fileRef = C09A123C2BBD236800C95571 /* ComposableArchitectureSampleApp.swift */; };
		C09A12412BBD236900C95571 /* Assets.xcassets in Resources */ = {isa = PBXBuildFile; fileRef = C09A12402BBD236900C95571 /* Assets.xcassets */; };
		C09A12442BBD236900C95571 /* Preview Assets.xcassets in Resources */ = {isa = PBXBuildFile; fileRef = C09A12432BBD236900C95571 /* Preview Assets.xcassets */; };
		C09A124C2BBD23B500C95571 /* ComposableArchitecture in Frameworks */ = {isa = PBXBuildFile; productRef = C09A124B2BBD23B500C95571 /* ComposableArchitecture */; };
		C09A12652BBD258900C95571 /* CustomButtonStyle.swift in Sources */ = {isa = PBXBuildFile; fileRef = C09A12642BBD258900C95571 /* CustomButtonStyle.swift */; };
		C09A12692BBD259B00C95571 /* Food.swift in Sources */ = {isa = PBXBuildFile; fileRef = C09A12662BBD259B00C95571 /* Food.swift */; };
		C09A126A2BBD259B00C95571 /* Drink.swift in Sources */ = {isa = PBXBuildFile; fileRef = C09A12672BBD259B00C95571 /* Drink.swift */; };
		C09A126B2BBD259B00C95571 /* Category.swift in Sources */ = {isa = PBXBuildFile; fileRef = C09A12682BBD259B00C95571 /* Category.swift */; };
		C09A126E2BBD25A900C95571 /* MenuListView.swift in Sources */ = {isa = PBXBuildFile; fileRef = C09A126C2BBD25A900C95571 /* MenuListView.swift */; };
		C09A126F2BBD25A900C95571 /* MenuDetailView.swift in Sources */ = {isa = PBXBuildFile; fileRef = C09A126D2BBD25A900C95571 /* MenuDetailView.swift */; };
		C09A12712BBD292E00C95571 /* MenuListStore.swift in Sources */ = {isa = PBXBuildFile; fileRef = C09A12702BBD292E00C95571 /* MenuListStore.swift */; };
		C09A12752BBD29FD00C95571 /* MenuDetailStore.swift in Sources */ = {isa = PBXBuildFile; fileRef = C09A12742BBD29FD00C95571 /* MenuDetailStore.swift */; };
/* End PBXBuildFile section */

/* Begin PBXFileReference section */
		C09A12392BBD236800C95571 /* ComposableArchitectureSample.app */ = {isa = PBXFileReference; explicitFileType = wrapper.application; includeInIndex = 0; path = ComposableArchitectureSample.app; sourceTree = BUILT_PRODUCTS_DIR; };
		C09A123C2BBD236800C95571 /* ComposableArchitectureSampleApp.swift */ = {isa = PBXFileReference; lastKnownFileType = sourcecode.swift; path = ComposableArchitectureSampleApp.swift; sourceTree = "<group>"; };
		C09A12402BBD236900C95571 /* Assets.xcassets */ = {isa = PBXFileReference; lastKnownFileType = folder.assetcatalog; path = Assets.xcassets; sourceTree = "<group>"; };
		C09A12432BBD236900C95571 /* Preview Assets.xcassets */ = {isa = PBXFileReference; lastKnownFileType = folder.assetcatalog; path = "Preview Assets.xcassets"; sourceTree = "<group>"; };
		C09A12642BBD258900C95571 /* CustomButtonStyle.swift */ = {isa = PBXFileReference; fileEncoding = 4; lastKnownFileType = sourcecode.swift; path = CustomButtonStyle.swift; sourceTree = "<group>"; };
		C09A12662BBD259B00C95571 /* Food.swift */ = {isa = PBXFileReference; fileEncoding = 4; lastKnownFileType = sourcecode.swift; path = Food.swift; sourceTree = "<group>"; };
		C09A12672BBD259B00C95571 /* Drink.swift */ = {isa = PBXFileReference; fileEncoding = 4; lastKnownFileType = sourcecode.swift; path = Drink.swift; sourceTree = "<group>"; };
		C09A12682BBD259B00C95571 /* Category.swift */ = {isa = PBXFileReference; fileEncoding = 4; lastKnownFileType = sourcecode.swift; path = Category.swift; sourceTree = "<group>"; };
		C09A126C2BBD25A900C95571 /* MenuListView.swift */ = {isa = PBXFileReference; fileEncoding = 4; lastKnownFileType = sourcecode.swift; path = MenuListView.swift; sourceTree = "<group>"; };
		C09A126D2BBD25A900C95571 /* MenuDetailView.swift */ = {isa = PBXFileReference; fileEncoding = 4; lastKnownFileType = sourcecode.swift; path = MenuDetailView.swift; sourceTree = "<group>"; };
		C09A12702BBD292E00C95571 /* MenuListStore.swift */ = {isa = PBXFileReference; lastKnownFileType = sourcecode.swift; path = MenuListStore.swift; sourceTree = "<group>"; };
		C09A12742BBD29FD00C95571 /* MenuDetailStore.swift */ = {isa = PBXFileReference; lastKnownFileType = sourcecode.swift; path = MenuDetailStore.swift; sourceTree = "<group>"; };
/* End PBXFileReference section */

/* Begin PBXFrameworksBuildPhase section */
		C09A12362BBD236800C95571 /* Frameworks */ = {
			isa = PBXFrameworksBuildPhase;
			buildActionMask = 2147483647;
			files = (
				C09A124C2BBD23B500C95571 /* ComposableArchitecture in Frameworks */,
			);
			runOnlyForDeploymentPostprocessing = 0;
		};
/* End PBXFrameworksBuildPhase section */

/* Begin PBXGroup section */
		C09A12302BBD236800C95571 = {
			isa = PBXGroup;
			children = (
				C09A123B2BBD236800C95571 /* ComposableArchitectureSample */,
				C09A123A2BBD236800C95571 /* Products */,
			);
			sourceTree = "<group>";
		};
		C09A123A2BBD236800C95571 /* Products */ = {
			isa = PBXGroup;
			children = (
				C09A12392BBD236800C95571 /* ComposableArchitectureSample.app */,
			);
			name = Products;
			sourceTree = "<group>";
		};
		C09A123B2BBD236800C95571 /* ComposableArchitectureSample */ = {
			isa = PBXGroup;
			children = (
				C09A12602BBD253F00C95571 /* Main */,
				C09A123C2BBD236800C95571 /* ComposableArchitectureSampleApp.swift */,
				C09A12402BBD236900C95571 /* Assets.xcassets */,
				C09A12422BBD236900C95571 /* Preview Content */,
			);
			path = ComposableArchitectureSample;
			sourceTree = "<group>";
		};
		C09A12422BBD236900C95571 /* Preview Content */ = {
			isa = PBXGroup;
			children = (
				C09A12432BBD236900C95571 /* Preview Assets.xcassets */,
			);
			path = "Preview Content";
			sourceTree = "<group>";
		};
		C09A12602BBD253F00C95571 /* Main */ = {
			isa = PBXGroup;
			children = (
				C09A12612BBD255300C95571 /* ButtonStyles */,
				C09A12622BBD255F00C95571 /* Enums */,
				C09A12632BBD256300C95571 /* Views */,
			);
			path = Main;
			sourceTree = "<group>";
		};
		C09A12612BBD255300C95571 /* ButtonStyles */ = {
			isa = PBXGroup;
			children = (
				C09A12642BBD258900C95571 /* CustomButtonStyle.swift */,
			);
			path = ButtonStyles;
			sourceTree = "<group>";
		};
		C09A12622BBD255F00C95571 /* Enums */ = {
			isa = PBXGroup;
			children = (
				C09A12682BBD259B00C95571 /* Category.swift */,
				C09A12672BBD259B00C95571 /* Drink.swift */,
				C09A12662BBD259B00C95571 /* Food.swift */,
			);
			path = Enums;
			sourceTree = "<group>";
		};
		C09A12632BBD256300C95571 /* Views */ = {
			isa = PBXGroup;
			children = (
				C09A12722BBD293A00C95571 /* MenuDetail */,
				C09A12732BBD295D00C95571 /* MenuList */,
			);
			path = Views;
			sourceTree = "<group>";
		};
		C09A12722BBD293A00C95571 /* MenuDetail */ = {
			isa = PBXGroup;
			children = (
				C09A12742BBD29FD00C95571 /* MenuDetailStore.swift */,
				C09A126D2BBD25A900C95571 /* MenuDetailView.swift */,
			);
			path = MenuDetail;
			sourceTree = "<group>";
		};
		C09A12732BBD295D00C95571 /* MenuList */ = {
			isa = PBXGroup;
			children = (
				C09A12702BBD292E00C95571 /* MenuListStore.swift */,
				C09A126C2BBD25A900C95571 /* MenuListView.swift */,
			);
			path = MenuList;
			sourceTree = "<group>";
		};
/* End PBXGroup section */

/* Begin PBXNativeTarget section */
		C09A12382BBD236800C95571 /* ComposableArchitectureSample */ = {
			isa = PBXNativeTarget;
			buildConfigurationList = C09A12472BBD236900C95571 /* Build configuration list for PBXNativeTarget "ComposableArchitectureSample" */;
			buildPhases = (
				C09A12352BBD236800C95571 /* Sources */,
				C09A12362BBD236800C95571 /* Frameworks */,
				C09A12372BBD236800C95571 /* Resources */,
			);
			buildRules = (
			);
			dependencies = (
			);
			name = ComposableArchitectureSample;
			packageProductDependencies = (
				C09A124B2BBD23B500C95571 /* ComposableArchitecture */,
			);
			productName = ComposableArchitectureSample;
			productReference = C09A12392BBD236800C95571 /* ComposableArchitectureSample.app */;
			productType = "com.apple.product-type.application";
		};
/* End PBXNativeTarget section */

/* Begin PBXProject section */
		C09A12312BBD236800C95571 /* Project object */ = {
			isa = PBXProject;
			attributes = {
				BuildIndependentTargetsInParallel = 1;
				LastSwiftUpdateCheck = 1520;
				LastUpgradeCheck = 1520;
				TargetAttributes = {
					C09A12382BBD236800C95571 = {
						CreatedOnToolsVersion = 15.2;
					};
				};
			};
			buildConfigurationList = C09A12342BBD236800C95571 /* Build configuration list for PBXProject "ComposableArchitectureSample" */;
			compatibilityVersion = "Xcode 14.0";
			developmentRegion = en;
			hasScannedForEncodings = 0;
			knownRegions = (
				en,
				Base,
			);
			mainGroup = C09A12302BBD236800C95571;
			packageReferences = (
				C09A124A2BBD23B500C95571 /* XCRemoteSwiftPackageReference "swift-composable-architecture" */,
			);
			productRefGroup = C09A123A2BBD236800C95571 /* Products */;
			projectDirPath = "";
			projectRoot = "";
			targets = (
				C09A12382BBD236800C95571 /* ComposableArchitectureSample */,
			);
		};
/* End PBXProject section */

/* Begin PBXResourcesBuildPhase section */
		C09A12372BBD236800C95571 /* Resources */ = {
			isa = PBXResourcesBuildPhase;
			buildActionMask = 2147483647;
			files = (
				C09A12442BBD236900C95571 /* Preview Assets.xcassets in Resources */,
				C09A12412BBD236900C95571 /* Assets.xcassets in Resources */,
			);
			runOnlyForDeploymentPostprocessing = 0;
		};
/* End PBXResourcesBuildPhase section */

/* Begin PBXSourcesBuildPhase section */
		C09A12352BBD236800C95571 /* Sources */ = {
			isa = PBXSourcesBuildPhase;
			buildActionMask = 2147483647;
			files = (
				C09A12652BBD258900C95571 /* CustomButtonStyle.swift in Sources */,
				C09A126B2BBD259B00C95571 /* Category.swift in Sources */,
				C09A123D2BBD236800C95571 /* ComposableArchitectureSampleApp.swift in Sources */,
				C09A12752BBD29FD00C95571 /* MenuDetailStore.swift in Sources */,
				C09A126F2BBD25A900C95571 /* MenuDetailView.swift in Sources */,
				C09A12712BBD292E00C95571 /* MenuListStore.swift in Sources */,
				C09A126E2BBD25A900C95571 /* MenuListView.swift in Sources */,
				C09A126A2BBD259B00C95571 /* Drink.swift in Sources */,
				C09A12692BBD259B00C95571 /* Food.swift in Sources */,
			);
			runOnlyForDeploymentPostprocessing = 0;
		};
/* End PBXSourcesBuildPhase section */

/* Begin XCBuildConfiguration section */
		C09A12452BBD236900C95571 /* Debug */ = {
			isa = XCBuildConfiguration;
			buildSettings = {
				ALWAYS_SEARCH_USER_PATHS = NO;
				ASSETCATALOG_COMPILER_GENERATE_SWIFT_ASSET_SYMBOL_EXTENSIONS = YES;
				CLANG_ANALYZER_NONNULL = YES;
				CLANG_ANALYZER_NUMBER_OBJECT_CONVERSION = YES_AGGRESSIVE;
				CLANG_CXX_LANGUAGE_STANDARD = "gnu++20";
				CLANG_ENABLE_MODULES = YES;
				CLANG_ENABLE_OBJC_ARC = YES;
				CLANG_ENABLE_OBJC_WEAK = YES;
				CLANG_WARN_BLOCK_CAPTURE_AUTORELEASING = YES;
				CLANG_WARN_BOOL_CONVERSION = YES;
				CLANG_WARN_COMMA = YES;
				CLANG_WARN_CONSTANT_CONVERSION = YES;
				CLANG_WARN_DEPRECATED_OBJC_IMPLEMENTATIONS = YES;
				CLANG_WARN_DIRECT_OBJC_ISA_USAGE = YES_ERROR;
				CLANG_WARN_DOCUMENTATION_COMMENTS = YES;
				CLANG_WARN_EMPTY_BODY = YES;
				CLANG_WARN_ENUM_CONVERSION = YES;
				CLANG_WARN_INFINITE_RECURSION = YES;
				CLANG_WARN_INT_CONVERSION = YES;
				CLANG_WARN_NON_LITERAL_NULL_CONVERSION = YES;
				CLANG_WARN_OBJC_IMPLICIT_RETAIN_SELF = YES;
				CLANG_WARN_OBJC_LITERAL_CONVERSION = YES;
				CLANG_WARN_OBJC_ROOT_CLASS = YES_ERROR;
				CLANG_WARN_QUOTED_INCLUDE_IN_FRAMEWORK_HEADER = YES;
				CLANG_WARN_RANGE_LOOP_ANALYSIS = YES;
				CLANG_WARN_STRICT_PROTOTYPES = YES;
				CLANG_WARN_SUSPICIOUS_MOVE = YES;
				CLANG_WARN_UNGUARDED_AVAILABILITY = YES_AGGRESSIVE;
				CLANG_WARN_UNREACHABLE_CODE = YES;
				CLANG_WARN__DUPLICATE_METHOD_MATCH = YES;
				COPY_PHASE_STRIP = NO;
				DEBUG_INFORMATION_FORMAT = dwarf;
				ENABLE_STRICT_OBJC_MSGSEND = YES;
				ENABLE_TESTABILITY = YES;
				ENABLE_USER_SCRIPT_SANDBOXING = YES;
				GCC_C_LANGUAGE_STANDARD = gnu17;
				GCC_DYNAMIC_NO_PIC = NO;
				GCC_NO_COMMON_BLOCKS = YES;
				GCC_OPTIMIZATION_LEVEL = 0;
				GCC_PREPROCESSOR_DEFINITIONS = (
					"DEBUG=1",
					"$(inherited)",
				);
				GCC_WARN_64_TO_32_BIT_CONVERSION = YES;
				GCC_WARN_ABOUT_RETURN_TYPE = YES_ERROR;
				GCC_WARN_UNDECLARED_SELECTOR = YES;
				GCC_WARN_UNINITIALIZED_AUTOS = YES_AGGRESSIVE;
				GCC_WARN_UNUSED_FUNCTION = YES;
				GCC_WARN_UNUSED_VARIABLE = YES;
				IPHONEOS_DEPLOYMENT_TARGET = 17.2;
				LOCALIZATION_PREFERS_STRING_CATALOGS = YES;
				MTL_ENABLE_DEBUG_INFO = INCLUDE_SOURCE;
				MTL_FAST_MATH = YES;
				ONLY_ACTIVE_ARCH = YES;
				SDKROOT = iphoneos;
				SWIFT_ACTIVE_COMPILATION_CONDITIONS = "DEBUG $(inherited)";
				SWIFT_OPTIMIZATION_LEVEL = "-Onone";
			};
			name = Debug;
		};
		C09A12462BBD236900C95571 /* Release */ = {
			isa = XCBuildConfiguration;
			buildSettings = {
				ALWAYS_SEARCH_USER_PATHS = NO;
				ASSETCATALOG_COMPILER_GENERATE_SWIFT_ASSET_SYMBOL_EXTENSIONS = YES;
				CLANG_ANALYZER_NONNULL = YES;
				CLANG_ANALYZER_NUMBER_OBJECT_CONVERSION = YES_AGGRESSIVE;
				CLANG_CXX_LANGUAGE_STANDARD = "gnu++20";
				CLANG_ENABLE_MODULES = YES;
				CLANG_ENABLE_OBJC_ARC = YES;
				CLANG_ENABLE_OBJC_WEAK = YES;
				CLANG_WARN_BLOCK_CAPTURE_AUTORELEASING = YES;
				CLANG_WARN_BOOL_CONVERSION = YES;
				CLANG_WARN_COMMA = YES;
				CLANG_WARN_CONSTANT_CONVERSION = YES;
				CLANG_WARN_DEPRECATED_OBJC_IMPLEMENTATIONS = YES;
				CLANG_WARN_DIRECT_OBJC_ISA_USAGE = YES_ERROR;
				CLANG_WARN_DOCUMENTATION_COMMENTS = YES;
				CLANG_WARN_EMPTY_BODY = YES;
				CLANG_WARN_ENUM_CONVERSION = YES;
				CLANG_WARN_INFINITE_RECURSION = YES;
				CLANG_WARN_INT_CONVERSION = YES;
				CLANG_WARN_NON_LITERAL_NULL_CONVERSION = YES;
				CLANG_WARN_OBJC_IMPLICIT_RETAIN_SELF = YES;
				CLANG_WARN_OBJC_LITERAL_CONVERSION = YES;
				CLANG_WARN_OBJC_ROOT_CLASS = YES_ERROR;
				CLANG_WARN_QUOTED_INCLUDE_IN_FRAMEWORK_HEADER = YES;
				CLANG_WARN_RANGE_LOOP_ANALYSIS = YES;
				CLANG_WARN_STRICT_PROTOTYPES = YES;
				CLANG_WARN_SUSPICIOUS_MOVE = YES;
				CLANG_WARN_UNGUARDED_AVAILABILITY = YES_AGGRESSIVE;
				CLANG_WARN_UNREACHABLE_CODE = YES;
				CLANG_WARN__DUPLICATE_METHOD_MATCH = YES;
				COPY_PHASE_STRIP = NO;
				DEBUG_INFORMATION_FORMAT = "dwarf-with-dsym";
				ENABLE_NS_ASSERTIONS = NO;
				ENABLE_STRICT_OBJC_MSGSEND = YES;
				ENABLE_USER_SCRIPT_SANDBOXING = YES;
				GCC_C_LANGUAGE_STANDARD = gnu17;
				GCC_NO_COMMON_BLOCKS = YES;
				GCC_WARN_64_TO_32_BIT_CONVERSION = YES;
				GCC_WARN_ABOUT_RETURN_TYPE = YES_ERROR;
				GCC_WARN_UNDECLARED_SELECTOR = YES;
				GCC_WARN_UNINITIALIZED_AUTOS = YES_AGGRESSIVE;
				GCC_WARN_UNUSED_FUNCTION = YES;
				GCC_WARN_UNUSED_VARIABLE = YES;
				IPHONEOS_DEPLOYMENT_TARGET = 17.2;
				LOCALIZATION_PREFERS_STRING_CATALOGS = YES;
				MTL_ENABLE_DEBUG_INFO = NO;
				MTL_FAST_MATH = YES;
				SDKROOT = iphoneos;
				SWIFT_COMPILATION_MODE = wholemodule;
				VALIDATE_PRODUCT = YES;
			};
			name = Release;
		};
		C09A12482BBD236900C95571 /* Debug */ = {
			isa = XCBuildConfiguration;
			buildSettings = {
				ASSETCATALOG_COMPILER_APPICON_NAME = AppIcon;
				ASSETCATALOG_COMPILER_GLOBAL_ACCENT_COLOR_NAME = AccentColor;
				CODE_SIGN_STYLE = Automatic;
				CURRENT_PROJECT_VERSION = 1;
				DEVELOPMENT_ASSET_PATHS = "\"ComposableArchitectureSample/Preview Content\"";
				DEVELOPMENT_TEAM = NH662ML79R;
				ENABLE_PREVIEWS = YES;
				GENERATE_INFOPLIST_FILE = YES;
				INFOPLIST_KEY_UIApplicationSceneManifest_Generation = YES;
				INFOPLIST_KEY_UIApplicationSupportsIndirectInputEvents = YES;
				INFOPLIST_KEY_UILaunchScreen_Generation = YES;
				INFOPLIST_KEY_UISupportedInterfaceOrientations = UIInterfaceOrientationPortrait;
				IPHONEOS_DEPLOYMENT_TARGET = 17.0;
				LD_RUNPATH_SEARCH_PATHS = (
					"$(inherited)",
					"@executable_path/Frameworks",
				);
				MARKETING_VERSION = 1.0;
				PRODUCT_BUNDLE_IDENTIFIER = com.dennis.NavigationStackSample.ComposableArchitectureSample;
				PRODUCT_NAME = "$(TARGET_NAME)";
				SUPPORTED_PLATFORMS = "iphoneos iphonesimulator";
				SUPPORTS_MACCATALYST = NO;
				SUPPORTS_MAC_DESIGNED_FOR_IPHONE_IPAD = NO;
				SUPPORTS_XR_DESIGNED_FOR_IPHONE_IPAD = NO;
				SWIFT_EMIT_LOC_STRINGS = YES;
				SWIFT_VERSION = 5.0;
				TARGETED_DEVICE_FAMILY = 1;
			};
			name = Debug;
		};
		C09A12492BBD236900C95571 /* Release */ = {
			isa = XCBuildConfiguration;
			buildSettings = {
				ASSETCATALOG_COMPILER_APPICON_NAME = AppIcon;
				ASSETCATALOG_COMPILER_GLOBAL_ACCENT_COLOR_NAME = AccentColor;
				CODE_SIGN_STYLE = Automatic;
				CURRENT_PROJECT_VERSION = 1;
				DEVELOPMENT_ASSET_PATHS = "\"ComposableArchitectureSample/Preview Content\"";
				DEVELOPMENT_TEAM = NH662ML79R;
				ENABLE_PREVIEWS = YES;
				GENERATE_INFOPLIST_FILE = YES;
				INFOPLIST_KEY_UIApplicationSceneManifest_Generation = YES;
				INFOPLIST_KEY_UIApplicationSupportsIndirectInputEvents = YES;
				INFOPLIST_KEY_UILaunchScreen_Generation = YES;
				INFOPLIST_KEY_UISupportedInterfaceOrientations = UIInterfaceOrientationPortrait;
				IPHONEOS_DEPLOYMENT_TARGET = 17.0;
				LD_RUNPATH_SEARCH_PATHS = (
					"$(inherited)",
					"@executable_path/Frameworks",
				);
				MARKETING_VERSION = 1.0;
				PRODUCT_BUNDLE_IDENTIFIER = com.dennis.NavigationStackSample.ComposableArchitectureSample;
				PRODUCT_NAME = "$(TARGET_NAME)";
				SUPPORTED_PLATFORMS = "iphoneos iphonesimulator";
				SUPPORTS_MACCATALYST = NO;
				SUPPORTS_MAC_DESIGNED_FOR_IPHONE_IPAD = NO;
				SUPPORTS_XR_DESIGNED_FOR_IPHONE_IPAD = NO;
				SWIFT_EMIT_LOC_STRINGS = YES;
				SWIFT_VERSION = 5.0;
				TARGETED_DEVICE_FAMILY = 1;
			};
			name = Release;
		};
/* End XCBuildConfiguration section */

/* Begin XCConfigurationList section */
		C09A12342BBD236800C95571 /* Build configuration list for PBXProject "ComposableArchitectureSample" */ = {
			isa = XCConfigurationList;
			buildConfigurations = (
				C09A12452BBD236900C95571 /* Debug */,
				C09A12462BBD236900C95571 /* Release */,
			);
			defaultConfigurationIsVisible = 0;
			defaultConfigurationName = Release;
		};
		C09A12472BBD236900C95571 /* Build configuration list for PBXNativeTarget "ComposableArchitectureSample" */ = {
			isa = XCConfigurationList;
			buildConfigurations = (
				C09A12482BBD236900C95571 /* Debug */,
				C09A12492BBD236900C95571 /* Release */,
			);
			defaultConfigurationIsVisible = 0;
			defaultConfigurationName = Release;
		};
/* End XCConfigurationList section */

/* Begin XCRemoteSwiftPackageReference section */
		C09A124A2BBD23B500C95571 /* XCRemoteSwiftPackageReference "swift-composable-architecture" */ = {
			isa = XCRemoteSwiftPackageReference;
			repositoryURL = "https://github.com/pointfreeco/swift-composable-architecture.git";
			requirement = {
				kind = upToNextMajorVersion;
				minimumVersion = 1.9.2;
			};
		};
/* End XCRemoteSwiftPackageReference section */

/* Begin XCSwiftPackageProductDependency section */
		C09A124B2BBD23B500C95571 /* ComposableArchitecture */ = {
			isa = XCSwiftPackageProductDependency;
			package = C09A124A2BBD23B500C95571 /* XCRemoteSwiftPackageReference "swift-composable-architecture" */;
			productName = ComposableArchitecture;
		};
/* End XCSwiftPackageProductDependency section */
	};
	rootObject = C09A12312BBD236800C95571 /* Project object */;
}
